
Microsoft Visual Studio Solution File, Format Version 12.00
# Visual Studio Version 17
VisualStudioVersion = 17.14.36518.9 d17.14
MinimumVisualStudioVersion = 10.0.40219.1
Project("{FAE04EC0-301F-11D3-BF4B-00C04F79EFBC}") = "Lab01", "Lab01\Lab01.csproj", "{1325F1E4-6272-492E-988C-8BAFA32EACAB}"
EndProject
Global
	GlobalSection(SolutionConfigurationPlatforms) = preSolution
		Debug|Any CPU = Debug|Any CPU
		Release|Any CPU = Release|Any CPU
	EndGlobalSection
	GlobalSection(ProjectConfigurationPlatforms) = postSolution
		{1325F1E4-6272-492E-988C-8BAFA32EACAB}.Debug|Any CPU.ActiveCfg = Debug|Any CPU
		{1325F1E4-6272-492E-988C-8BAFA32EACAB}.Debug|Any CPU.Build.0 = Debug|Any CPU
		{1325F1E4-6272-492E-988C-8BAFA32EACAB}.Release|Any CPU.ActiveCfg = Release|Any CPU
		{1325F1E4-6272-492E-988C-8BAFA32EACAB}.Release|Any CPU.Build.0 = Release|Any CPU
	EndGlobalSection
	GlobalSection(SolutionProperties) = preSolution
		HideSolutionNode = FALSE
	EndGlobalSection
	GlobalSection(ExtensibilityGlobals) = postSolution
		SolutionGuid = {44854D58-177F-4E98-BB79-8500470801FE}
	EndGlobalSection
EndGlobal
